
Microsoft Visual Studio Solution File, Format Version 12.00
# Visual Studio 15
VisualStudioVersion = 15.0.28307.2092
MinimumVisualStudioVersion = 10.0.40219.1
Project("{FAE04EC0-301F-11D3-BF4B-00C04F79EFBC}") = "Program", "Program\Program.csproj", "{48DE6A65-9AE5-41B3-8571-5DCACCC325DA}"
EndProject
Global
	GlobalSection(SolutionConfigurationPlatforms) = preSolution
		Debug|Any CPU = Debug|Any CPU
		Release|Any CPU = Release|Any CPU
	EndGlobalSection
	GlobalSection(ProjectConfigurationPlatforms) = postSolution
		{48DE6A65-9AE5-41B3-8571-5DCACCC325DA}.Debug|Any CPU.ActiveCfg = Debug|Any CPU
		{48DE6A65-9AE5-41B3-8571-5DCACCC325DA}.Debug|Any CPU.Build.0 = Debug|Any CPU
		{48DE6A65-9AE5-41B3-8571-5DCACCC325DA}.Release|Any CPU.ActiveCfg = Release|Any CPU
		{48DE6A65-9AE5-41B3-8571-5DCACCC325DA}.Release|Any CPU.Build.0 = Release|Any CPU
	EndGlobalSection
	GlobalSection(SolutionProperties) = preSolution
		HideSolutionNode = FALSE
	EndGlobalSection
	GlobalSection(ExtensibilityGlobals) = postSolution
		SolutionGuid = {64A850D2-E84D-4054-A4C7-7D7022129C2C}
	EndGlobalSection
EndGlobal
